{
  "name": "webscraper",
  "version": "1.0.0",
  "lockfileVersion": 2,
  "requires": true,
  "packages": {
    "": {
      "name": "webscraper",
      "version": "1.0.0",
      "license": "ISC",
      "dependencies": {
        "playwright": "^1.17.1",
        "typescript": "^4.5.4",
        "uuid": "^8.3.2"
      },
      "devDependencies": {
        "@types/node": "^17.0.35"
      }
    },
    "node_modules/@types/node": {
      "version": "17.0.35",
      "resolved": "https://registry.npmjs.org/@types/node/-/node-17.0.35.tgz",
      "integrity": "sha512-vu1SrqBjbbZ3J6vwY17jBs8Sr/BKA+/a/WtjRG+whKg1iuLFOosq872EXS0eXWILdO36DHQQeku/ZcL6hz2fpg==",
      "dev": true
    },
    "node_modules/playwright": {
      "version": "1.22.2",
      "resolved": "https://registry.npmjs.org/playwright/-/playwright-1.22.2.tgz",
      "integrity": "sha512-hUTpg7LytIl3/O4t0AQJS1V6hWsaSY5uZ7w1oCC8r3a1AQN5d6otIdCkiB3cbzgQkcMaRxisinjMFMVqZkybdQ==",
      "hasInstallScript": true,
      "dependencies": {
        "playwright-core": "1.22.2"
      },
      "bin": {
        "playwright": "cli.js"
      },
      "engines": {
        "node": ">=14"
      }
    },
    "node_modules/playwright/node_modules/playwright-core": {
      "version": "1.22.2",
      "resolved": "https://registry.npmjs.org/playwright-core/-/playwright-core-1.22.2.tgz",
      "integrity": "sha512-w/hc/Ld0RM4pmsNeE6aL/fPNWw8BWit2tg+TfqJ3+p59c6s3B6C8mXvXrIPmfQEobkcFDc+4KirNzOQ+uBSP1Q==",
      "bin": {
        "playwright": "cli.js"
      },
      "engines": {
        "node": ">=14"
      }
    },
    "node_modules/typescript": {
      "version": "4.7.2",
      "resolved": "https://registry.npmjs.org/typescript/-/typescript-4.7.2.tgz",
      "integrity": "sha512-Mamb1iX2FDUpcTRzltPxgWMKy3fhg0TN378ylbktPGPK/99KbDtMQ4W1hwgsbPAsG3a0xKa1vmw4VKZQbkvz5A==",
      "bin": {
        "tsc": "bin/tsc",
        "tsserver": "bin/tsserver"
      },
      "engines": {
        "node": ">=4.2.0"
      }
    },
    "node_modules/uuid": {
      "version": "8.3.2",
      "resolved": "https://registry.npmjs.org/uuid/-/uuid-8.3.2.tgz",
      "integrity": "sha512-+NYs2QeMWy+GWFOEm9xnn6HCDp0l7QBD7ml8zLUmJ+93Q5NF0NocErnwkTkXVFNiX3/fpC6afS8Dhb/gz7R7eg==",
      "bin": {
        "uuid": "dist/bin/uuid"
      }
    }
  },
  "dependencies": {
    "@types/node": {
      "version": "17.0.35",
      "resolved": "https://registry.npmjs.org/@types/node/-/node-17.0.35.tgz",
      "integrity": "sha512-vu1SrqBjbbZ3J6vwY17jBs8Sr/BKA+/a/WtjRG+whKg1iuLFOosq872EXS0eXWILdO36DHQQeku/ZcL6hz2fpg==",
      "dev": true
    },
    "playwright": {
      "version": "1.22.2",
      "resolved": "https://registry.npmjs.org/playwright/-/playwright-1.22.2.tgz",
      "integrity": "sha512-hUTpg7LytIl3/O4t0AQJS1V6hWsaSY5uZ7w1oCC8r3a1AQN5d6otIdCkiB3cbzgQkcMaRxisinjMFMVqZkybdQ==",
      "requires": {
        "playwright-core": "1.22.2"
      },
      "dependencies": {
        "playwright-core": {
          "version": "1.22.2",
          "resolved": "https://registry.npmjs.org/playwright-core/-/playwright-core-1.22.2.tgz",
          "integrity": "sha512-w/hc/Ld0RM4pmsNeE6aL/fPNWw8BWit2tg+TfqJ3+p59c6s3B6C8mXvXrIPmfQEobkcFDc+4KirNzOQ+uBSP1Q=="
        }
      }
    },
    "typescript": {
      "version": "4.7.2",
      "resolved": "https://registry.npmjs.org/typescript/-/typescript-4.7.2.tgz",
      "integrity": "sha512-Mamb1iX2FDUpcTRzltPxgWMKy3fhg0TN378ylbktPGPK/99KbDtMQ4W1hwgsbPAsG3a0xKa1vmw4VKZQbkvz5A=="
    },
    "uuid": {
      "version": "8.3.2",
      "resolved": "https://registry.npmjs.org/uuid/-/uuid-8.3.2.tgz",
      "integrity": "sha512-+NYs2QeMWy+GWFOEm9xnn6HCDp0l7QBD7ml8zLUmJ+93Q5NF0NocErnwkTkXVFNiX3/fpC6afS8Dhb/gz7R7eg=="
    }
  }
}
